{
  "name": "typescript-project-references-reexport-bug",
  "requires": true,
  "lockfileVersion": 1,
  "dependencies": {
    "typescript": {
      "version": "3.8.0-dev.20191203",
      "resolved": "https://registry.npmjs.org/typescript/-/typescript-3.8.0-dev.20191203.tgz",
      "integrity": "sha512-ZPMH02RdXSYkYr5JsxksisQsRlJ22w5yXn97vzIgp3ehFnMo/3O1fReQV99iEN4keTLD9IiGGxO0h2u6aKfJUQ=="
    }
  }
}
